// !$*UTF8*$!
//
// Minimal Xcode project for the sdui-kmp iOS sample.
//
// !!! REGENERATE VIA XCODE IF THIS FILE FAILS TO OPEN !!!
//
// Hand-authored pbxproj files are notoriously brittle — Xcode rewrites them on every
// edit and small format drift between Xcode versions can wedge the file open dialog.
// This skeleton wires the four sources (iosAppApp.swift, ContentView.swift, Info.plist,
// iosAppUITests.swift) and the embed-and-sign Run Script that pulls in
// `SduiSampleShared.framework` from `:samples:sample-ios`. If you have any trouble:
//
//   1. Open Xcode → File → New → Project → iOS App → name `iosApp`, language Swift,
//      interface SwiftUI, "Include Tests" checked. Save it INTO this `iosApp/` folder
//      (i.e. overwrite this skeleton).
//   2. Drag `iosApp/iosAppApp.swift`, `iosApp/ContentView.swift`, and
//      `iosApp/Info.plist` into the iosApp target; drag
//      `iosApp/iosAppUITests/iosAppUITests.swift` into the UI test target.
//   3. Add a "Run Script" build phase to the iosApp target (BEFORE "Compile Sources")
//      with the script body documented in `iosApp/README.md`.
//   4. In Build Phases → Frameworks, Libraries, and Embedded Content add
//      `SduiSampleShared.framework` from `samples/sample-ios/build/xcode-frameworks/`
//      (Embed & Sign).
//
// The skeleton is provided so a user with `pbxproj`-savvy can avoid the GUI. If you're
// new to iOS, the manual flow above is faster than debugging this file.
{
	archiveVersion = 1;
	classes = {
	};
	objectVersion = 56;
	objects = {

/* Begin PBXBuildFile section */
		A001000000000000000000A1 /* iosAppApp.swift in Sources */ = {isa = PBXBuildFile; fileRef = A001000000000000000000B1 /* iosAppApp.swift */; };
		A001000000000000000000A2 /* ContentView.swift in Sources */ = {isa = PBXBuildFile; fileRef = A001000000000000000000B2 /* ContentView.swift */; };
		A001000000000000000000A3 /* iosAppUITests.swift in Sources */ = {isa = PBXBuildFile; fileRef = A001000000000000000000B3 /* iosAppUITests.swift */; };
/* End PBXBuildFile section */

/* Begin PBXFileReference section */
		A001000000000000000000B1 /* iosAppApp.swift */ = {isa = PBXFileReference; lastKnownFileType = sourcecode.swift; path = iosAppApp.swift; sourceTree = "<group>"; };
		A001000000000000000000B2 /* ContentView.swift */ = {isa = PBXFileReference; lastKnownFileType = sourcecode.swift; path = ContentView.swift; sourceTree = "<group>"; };
		A001000000000000000000B3 /* iosAppUITests.swift */ = {isa = PBXFileReference; lastKnownFileType = sourcecode.swift; path = iosAppUITests.swift; sourceTree = "<group>"; };
		A001000000000000000000B4 /* Info.plist */ = {isa = PBXFileReference; lastKnownFileType = text.plist.xml; path = Info.plist; sourceTree = "<group>"; };
		A001000000000000000000C1 /* iosApp.app */ = {isa = PBXFileReference; explicitFileType = wrapper.application; includeInIndex = 0; path = iosApp.app; sourceTree = BUILT_PRODUCTS_DIR; };
		A001000000000000000000C2 /* iosAppUITests.xctest */ = {isa = PBXFileReference; explicitFileType = wrapper.cfbundle; includeInIndex = 0; path = iosAppUITests.xctest; sourceTree = BUILT_PRODUCTS_DIR; };
/* End PBXFileReference section */

/* Begin PBXFrameworksBuildPhase section */
		A001000000000000000000D1 /* Frameworks */ = {
			isa = PBXFrameworksBuildPhase;
			buildActionMask = 2147483647;
			files = (
			);
			runOnlyForDeploymentPostprocessing = 0;
		};
		A001000000000000000000D2 /* Frameworks */ = {
			isa = PBXFrameworksBuildPhase;
			buildActionMask = 2147483647;
			files = (
			);
			runOnlyForDeploymentPostprocessing = 0;
		};
/* End PBXFrameworksBuildPhase section */

/* Begin PBXGroup section */
		A001000000000000000000E1 = {
			isa = PBXGroup;
			children = (
				A001000000000000000000E2 /* iosApp */,
				A001000000000000000000E3 /* iosAppUITests */,
				A001000000000000000000E4 /* Products */,
			);
			sourceTree = "<group>";
		};
		A001000000000000000000E2 /* iosApp */ = {
			isa = PBXGroup;
			children = (
				A001000000000000000000B1 /* iosAppApp.swift */,
				A001000000000000000000B2 /* ContentView.swift */,
				A001000000000000000000B4 /* Info.plist */,
			);
			path = iosApp;
			sourceTree = "<group>";
		};
		A001000000000000000000E3 /* iosAppUITests */ = {
			isa = PBXGroup;
			children = (
				A001000000000000000000B3 /* iosAppUITests.swift */,
			);
			path = iosAppUITests;
			sourceTree = "<group>";
		};
		A001000000000000000000E4 /* Products */ = {
			isa = PBXGroup;
			children = (
				A001000000000000000000C1 /* iosApp.app */,
				A001000000000000000000C2 /* iosAppUITests.xctest */,
			);
			name = Products;
			sourceTree = "<group>";
		};
/* End PBXGroup section */

/* Begin PBXNativeTarget section */
		A001000000000000000000F1 /* iosApp */ = {
			isa = PBXNativeTarget;
			buildConfigurationList = A0010000000000000000010A /* Build configuration list for PBXNativeTarget "iosApp" */;
			buildPhases = (
				A001000000000000000000F3 /* [Sdui] embed Kotlin framework */,
				A001000000000000000000F4 /* Sources */,
				A001000000000000000000D1 /* Frameworks */,
				A001000000000000000000F5 /* Resources */,
			);
			buildRules = (
			);
			dependencies = (
			);
			name = iosApp;
			productName = iosApp;
			productReference = A001000000000000000000C1 /* iosApp.app */;
			productType = "com.apple.product-type.application";
		};
		A001000000000000000000F2 /* iosAppUITests */ = {
			isa = PBXNativeTarget;
			buildConfigurationList = A0010000000000000000010B /* Build configuration list for PBXNativeTarget "iosAppUITests" */;
			buildPhases = (
				A001000000000000000000F6 /* Sources */,
				A001000000000000000000D2 /* Frameworks */,
			);
			buildRules = (
			);
			dependencies = (
				A001000000000000000000F7 /* PBXTargetDependency */,
			);
			name = iosAppUITests;
			productName = iosAppUITests;
			productReference = A001000000000000000000C2 /* iosAppUITests.xctest */;
			productType = "com.apple.product-type.bundle.ui-testing";
		};
/* End PBXNativeTarget section */

/* Begin PBXProject section */
		A001000000000000000000FF /* Project object */ = {
			isa = PBXProject;
			attributes = {
				BuildIndependentTargetsInParallel = 1;
				LastSwiftUpdateCheck = 1500;
				LastUpgradeCheck = 1500;
				TargetAttributes = {
					A001000000000000000000F1 = {
						CreatedOnToolsVersion = 15.0;
					};
					A001000000000000000000F2 = {
						CreatedOnToolsVersion = 15.0;
						TestTargetID = A001000000000000000000F1;
					};
				};
			};
			buildConfigurationList = A0010000000000000000010C /* Build configuration list for PBXProject "iosApp" */;
			compatibilityVersion = "Xcode 14.0";
			developmentRegion = en;
			hasScannedForEncodings = 0;
			knownRegions = (
				en,
				Base,
			);
			mainGroup = A001000000000000000000E1;
			productRefGroup = A001000000000000000000E4 /* Products */;
			projectDirPath = "";
			projectRoot = "";
			targets = (
				A001000000000000000000F1 /* iosApp */,
				A001000000000000000000F2 /* iosAppUITests */,
			);
		};
/* End PBXProject section */

/* Begin PBXResourcesBuildPhase section */
		A001000000000000000000F5 /* Resources */ = {
			isa = PBXResourcesBuildPhase;
			buildActionMask = 2147483647;
			files = (
			);
			runOnlyForDeploymentPostprocessing = 0;
		};
/* End PBXResourcesBuildPhase section */

/* Begin PBXShellScriptBuildPhase section */
		A001000000000000000000F3 /* [Sdui] embed Kotlin framework */ = {
			isa = PBXShellScriptBuildPhase;
			alwaysOutOfDate = 1;
			buildActionMask = 2147483647;
			files = (
			);
			inputFileListPaths = (
			);
			inputPaths = (
			);
			name = "[Sdui] embed Kotlin framework";
			outputFileListPaths = (
			);
			outputPaths = (
			);
			runOnlyForDeploymentPostprocessing = 0;
			shellPath = /bin/sh;
			shellScript = "cd \"$SRCROOT/..\" && ./gradlew :samples:sample-ios:embedAndSignAppleFrameworkForXcode\n";
		};
/* End PBXShellScriptBuildPhase section */

/* Begin PBXSourcesBuildPhase section */
		A001000000000000000000F4 /* Sources */ = {
			isa = PBXSourcesBuildPhase;
			buildActionMask = 2147483647;
			files = (
				A001000000000000000000A1 /* iosAppApp.swift in Sources */,
				A001000000000000000000A2 /* ContentView.swift in Sources */,
			);
			runOnlyForDeploymentPostprocessing = 0;
		};
		A001000000000000000000F6 /* Sources */ = {
			isa = PBXSourcesBuildPhase;
			buildActionMask = 2147483647;
			files = (
				A001000000000000000000A3 /* iosAppUITests.swift in Sources */,
			);
			runOnlyForDeploymentPostprocessing = 0;
		};
/* End PBXSourcesBuildPhase section */

/* Begin PBXTargetDependency section */
		A001000000000000000000F7 /* PBXTargetDependency */ = {
			isa = PBXTargetDependency;
			target = A001000000000000000000F1 /* iosApp */;
		};
/* End PBXTargetDependency section */

/* Begin XCBuildConfiguration section */
		A00100000000000000000101 /* Debug */ = {
			isa = XCBuildConfiguration;
			buildSettings = {
				ALWAYS_SEARCH_USER_PATHS = NO;
				CLANG_ANALYZER_NONNULL = YES;
				CLANG_CXX_LANGUAGE_STANDARD = "gnu++20";
				CLANG_ENABLE_MODULES = YES;
				CLANG_ENABLE_OBJC_ARC = YES;
				CODE_SIGN_STYLE = Automatic;
				DEBUG_INFORMATION_FORMAT = dwarf;
				ENABLE_STRICT_OBJC_MSGSEND = YES;
				ENABLE_TESTABILITY = YES;
				FRAMEWORK_SEARCH_PATHS = (
					"$(inherited)",
					"$(SRCROOT)/../samples/sample-ios/build/xcode-frameworks/$(CONFIGURATION)/$(SDK_NAME)",
				);
				GCC_C_LANGUAGE_STANDARD = gnu17;
				GCC_DYNAMIC_NO_PIC = NO;
				GCC_OPTIMIZATION_LEVEL = 0;
				GCC_PREPROCESSOR_DEFINITIONS = (
					"DEBUG=1",
					"$(inherited)",
				);
				IPHONEOS_DEPLOYMENT_TARGET = 16.0;
				MTL_ENABLE_DEBUG_INFO = INCLUDE_SOURCE;
				ONLY_ACTIVE_ARCH = YES;
				SDKROOT = iphoneos;
				SWIFT_ACTIVE_COMPILATION_CONDITIONS = DEBUG;
				SWIFT_OPTIMIZATION_LEVEL = "-Onone";
			};
			name = Debug;
		};
		A00100000000000000000102 /* Release */ = {
			isa = XCBuildConfiguration;
			buildSettings = {
				ALWAYS_SEARCH_USER_PATHS = NO;
				CLANG_ANALYZER_NONNULL = YES;
				CLANG_CXX_LANGUAGE_STANDARD = "gnu++20";
				CLANG_ENABLE_MODULES = YES;
				CLANG_ENABLE_OBJC_ARC = YES;
				CODE_SIGN_STYLE = Automatic;
				DEBUG_INFORMATION_FORMAT = "dwarf-with-dsym";
				ENABLE_NS_ASSERTIONS = NO;
				ENABLE_STRICT_OBJC_MSGSEND = YES;
				FRAMEWORK_SEARCH_PATHS = (
					"$(inherited)",
					"$(SRCROOT)/../samples/sample-ios/build/xcode-frameworks/$(CONFIGURATION)/$(SDK_NAME)",
				);
				GCC_C_LANGUAGE_STANDARD = gnu17;
				IPHONEOS_DEPLOYMENT_TARGET = 16.0;
				MTL_ENABLE_DEBUG_INFO = NO;
				SDKROOT = iphoneos;
				SWIFT_COMPILATION_MODE = wholemodule;
				SWIFT_OPTIMIZATION_LEVEL = "-O";
				VALIDATE_PRODUCT = YES;
			};
			name = Release;
		};
		A00100000000000000000103 /* Debug */ = {
			isa = XCBuildConfiguration;
			buildSettings = {
				CODE_SIGN_STYLE = Automatic;
				CURRENT_PROJECT_VERSION = 1;
				FRAMEWORK_SEARCH_PATHS = (
					"$(inherited)",
					"$(SRCROOT)/../samples/sample-ios/build/xcode-frameworks/$(CONFIGURATION)/$(SDK_NAME)",
				);
				GENERATE_INFOPLIST_FILE = NO;
				INFOPLIST_FILE = iosApp/Info.plist;
				IPHONEOS_DEPLOYMENT_TARGET = 16.0;
				LD_RUNPATH_SEARCH_PATHS = (
					"$(inherited)",
					"@executable_path/Frameworks",
				);
				MARKETING_VERSION = 1.0;
				PRODUCT_BUNDLE_IDENTIFIER = "dev.sdui.kmp.iosApp";
				PRODUCT_NAME = "$(TARGET_NAME)";
				SWIFT_EMIT_LOC_STRINGS = YES;
				SWIFT_VERSION = 5.0;
				TARGETED_DEVICE_FAMILY = "1,2";
			};
			name = Debug;
		};
		A00100000000000000000104 /* Release */ = {
			isa = XCBuildConfiguration;
			buildSettings = {
				CODE_SIGN_STYLE = Automatic;
				CURRENT_PROJECT_VERSION = 1;
				FRAMEWORK_SEARCH_PATHS = (
					"$(inherited)",
					"$(SRCROOT)/../samples/sample-ios/build/xcode-frameworks/$(CONFIGURATION)/$(SDK_NAME)",
				);
				GENERATE_INFOPLIST_FILE = NO;
				INFOPLIST_FILE = iosApp/Info.plist;
				IPHONEOS_DEPLOYMENT_TARGET = 16.0;
				LD_RUNPATH_SEARCH_PATHS = (
					"$(inherited)",
					"@executable_path/Frameworks",
				);
				MARKETING_VERSION = 1.0;
				PRODUCT_BUNDLE_IDENTIFIER = "dev.sdui.kmp.iosApp";
				PRODUCT_NAME = "$(TARGET_NAME)";
				SWIFT_EMIT_LOC_STRINGS = YES;
				SWIFT_VERSION = 5.0;
				TARGETED_DEVICE_FAMILY = "1,2";
			};
			name = Release;
		};
		A00100000000000000000105 /* Debug */ = {
			isa = XCBuildConfiguration;
			buildSettings = {
				CODE_SIGN_STYLE = Automatic;
				CURRENT_PROJECT_VERSION = 1;
				GENERATE_INFOPLIST_FILE = YES;
				IPHONEOS_DEPLOYMENT_TARGET = 16.0;
				MARKETING_VERSION = 1.0;
				PRODUCT_BUNDLE_IDENTIFIER = "dev.sdui.kmp.iosAppUITests";
				PRODUCT_NAME = "$(TARGET_NAME)";
				SWIFT_EMIT_LOC_STRINGS = NO;
				SWIFT_VERSION = 5.0;
				TARGETED_DEVICE_FAMILY = "1,2";
				TEST_TARGET_NAME = iosApp;
			};
			name = Debug;
		};
		A00100000000000000000106 /* Release */ = {
			isa = XCBuildConfiguration;
			buildSettings = {
				CODE_SIGN_STYLE = Automatic;
				CURRENT_PROJECT_VERSION = 1;
				GENERATE_INFOPLIST_FILE = YES;
				IPHONEOS_DEPLOYMENT_TARGET = 16.0;
				MARKETING_VERSION = 1.0;
				PRODUCT_BUNDLE_IDENTIFIER = "dev.sdui.kmp.iosAppUITests";
				PRODUCT_NAME = "$(TARGET_NAME)";
				SWIFT_EMIT_LOC_STRINGS = NO;
				SWIFT_VERSION = 5.0;
				TARGETED_DEVICE_FAMILY = "1,2";
				TEST_TARGET_NAME = iosApp;
			};
			name = Release;
		};
/* End XCBuildConfiguration section */

/* Begin XCConfigurationList section */
		A0010000000000000000010A /* Build configuration list for PBXNativeTarget "iosApp" */ = {
			isa = XCConfigurationList;
			buildConfigurations = (
				A00100000000000000000103 /* Debug */,
				A00100000000000000000104 /* Release */,
			);
			defaultConfigurationIsVisible = 0;
			defaultConfigurationName = Release;
		};
		A0010000000000000000010B /* Build configuration list for PBXNativeTarget "iosAppUITests" */ = {
			isa = XCConfigurationList;
			buildConfigurations = (
				A00100000000000000000105 /* Debug */,
				A00100000000000000000106 /* Release */,
			);
			defaultConfigurationIsVisible = 0;
			defaultConfigurationName = Release;
		};
		A0010000000000000000010C /* Build configuration list for PBXProject "iosApp" */ = {
			isa = XCConfigurationList;
			buildConfigurations = (
				A00100000000000000000101 /* Debug */,
				A00100000000000000000102 /* Release */,
			);
			defaultConfigurationIsVisible = 0;
			defaultConfigurationName = Release;
		};
/* End XCConfigurationList section */
	};
	rootObject = A001000000000000000000FF /* Project object */;
}
